// !$*UTF8*$!
{
	archiveVersion = 1;
	classes = {
	};
	objectVersion = 50;
	objects = {

/* Begin PBXBuildFile section */
		1429E21626F2A8A00095374B /* MemoryGame.swift in Sources */ = {isa = PBXBuildFile; fileRef = 1429E21526F2A8A00095374B /* MemoryGame.swift */; };
		1429E21826F2AC550095374B /* EmojiMemoryGame.swift in Sources */ = {isa = PBXBuildFile; fileRef = 1429E21726F2AC550095374B /* EmojiMemoryGame.swift */; };
		143D5A192709311E00DB0EBD /* PaletteStore.swift in Sources */ = {isa = PBXBuildFile; fileRef = 143D5A182709311E00DB0EBD /* PaletteStore.swift */; };
		143D5A1B270A7C5000DB0EBD /* PaletteChooser.swift in Sources */ = {isa = PBXBuildFile; fileRef = 143D5A1A270A7C5000DB0EBD /* PaletteChooser.swift */; };
		143D5A1D270AA11500DB0EBD /* PaletteEditor.swift in Sources */ = {isa = PBXBuildFile; fileRef = 143D5A1C270AA11500DB0EBD /* PaletteEditor.swift */; };
		143D5A21270B4A8F00DB0EBD /* PaletteManager.swift in Sources */ = {isa = PBXBuildFile; fileRef = 143D5A20270B4A8F00DB0EBD /* PaletteManager.swift */; };
		143E535726F93DDC00AFAD33 /* AspectVGrid.swift in Sources */ = {isa = PBXBuildFile; fileRef = 143E535626F93DDC00AFAD33 /* AspectVGrid.swift */; };
		143E535926F994A500AFAD33 /* Pie.swift in Sources */ = {isa = PBXBuildFile; fileRef = 143E535826F994A500AFAD33 /* Pie.swift */; };
		143F03FA26EAD38C007F5620 /* MemorizeApp.swift in Sources */ = {isa = PBXBuildFile; fileRef = 143F03F926EAD38C007F5620 /* MemorizeApp.swift */; };
		143F03FC26EAD38C007F5620 /* EmojiMemoryGameView.swift in Sources */ = {isa = PBXBuildFile; fileRef = 143F03FB26EAD38C007F5620 /* EmojiMemoryGameView.swift */; };
		143F03FE26EAD38E007F5620 /* Assets.xcassets in Resources */ = {isa = PBXBuildFile; fileRef = 143F03FD26EAD38E007F5620 /* Assets.xcassets */; };
		143F040126EAD38E007F5620 /* Preview Assets.xcassets in Resources */ = {isa = PBXBuildFile; fileRef = 143F040026EAD38E007F5620 /* Preview Assets.xcassets */; };
		14429C952705309E0051B56C /* EmojiArtModel.swift in Sources */ = {isa = PBXBuildFile; fileRef = 14429C942705309E0051B56C /* EmojiArtModel.swift */; };
		14429C99270534F10051B56C /* EmojiArtDocument.swift in Sources */ = {isa = PBXBuildFile; fileRef = 14429C98270534F10051B56C /* EmojiArtDocument.swift */; };
		14429C9B27053AD60051B56C /* EmojiArtModel.Background.swift in Sources */ = {isa = PBXBuildFile; fileRef = 14429C9A27053AD60051B56C /* EmojiArtModel.Background.swift */; };
		14429C9D27061DC70051B56C /* UtilityExtensions.swift in Sources */ = {isa = PBXBuildFile; fileRef = 14429C9C27061DC70051B56C /* UtilityExtensions.swift */; };
		14429C9F27061E670051B56C /* EmojiArtDocumentView.swift in Sources */ = {isa = PBXBuildFile; fileRef = 14429C9E27061E670051B56C /* EmojiArtDocumentView.swift */; };
		1475EA6327079B41005D4D0F /* UtilityViews.swift in Sources */ = {isa = PBXBuildFile; fileRef = 1475EA6227079B41005D4D0F /* UtilityViews.swift */; };
		14FC854026FBFE3A00A8D0B7 /* Cardify.swift in Sources */ = {isa = PBXBuildFile; fileRef = 14FC853F26FBFE3A00A8D0B7 /* Cardify.swift */; };
/* End PBXBuildFile section */

/* Begin PBXFileReference section */
		1429E21526F2A8A00095374B /* MemoryGame.swift */ = {isa = PBXFileReference; lastKnownFileType = sourcecode.swift; path = MemoryGame.swift; sourceTree = "<group>"; };
		1429E21726F2AC550095374B /* EmojiMemoryGame.swift */ = {isa = PBXFileReference; lastKnownFileType = sourcecode.swift; path = EmojiMemoryGame.swift; sourceTree = "<group>"; };
		143D5A182709311E00DB0EBD /* PaletteStore.swift */ = {isa = PBXFileReference; lastKnownFileType = sourcecode.swift; path = PaletteStore.swift; sourceTree = "<group>"; };
		143D5A1A270A7C5000DB0EBD /* PaletteChooser.swift */ = {isa = PBXFileReference; lastKnownFileType = sourcecode.swift; path = PaletteChooser.swift; sourceTree = "<group>"; };
		143D5A1C270AA11500DB0EBD /* PaletteEditor.swift */ = {isa = PBXFileReference; lastKnownFileType = sourcecode.swift; path = PaletteEditor.swift; sourceTree = "<group>"; };
		143D5A20270B4A8F00DB0EBD /* PaletteManager.swift */ = {isa = PBXFileReference; lastKnownFileType = sourcecode.swift; path = PaletteManager.swift; sourceTree = "<group>"; };
		143E535626F93DDC00AFAD33 /* AspectVGrid.swift */ = {isa = PBXFileReference; lastKnownFileType = sourcecode.swift; path = AspectVGrid.swift; sourceTree = "<group>"; };
		143E535826F994A500AFAD33 /* Pie.swift */ = {isa = PBXFileReference; lastKnownFileType = sourcecode.swift; path = Pie.swift; sourceTree = "<group>"; };
		143F03F626EAD38C007F5620 /* Memorize.app */ = {isa = PBXFileReference; explicitFileType = wrapper.application; includeInIndex = 0; path = Memorize.app; sourceTree = BUILT_PRODUCTS_DIR; };
		143F03F926EAD38C007F5620 /* MemorizeApp.swift */ = {isa = PBXFileReference; lastKnownFileType = sourcecode.swift; path = MemorizeApp.swift; sourceTree = "<group>"; };
		143F03FB26EAD38C007F5620 /* EmojiMemoryGameView.swift */ = {isa = PBXFileReference; lastKnownFileType = sourcecode.swift; path = EmojiMemoryGameView.swift; sourceTree = "<group>"; };
		143F03FD26EAD38E007F5620 /* Assets.xcassets */ = {isa = PBXFileReference; lastKnownFileType = folder.assetcatalog; path = Assets.xcassets; sourceTree = "<group>"; };
		143F040026EAD38E007F5620 /* Preview Assets.xcassets */ = {isa = PBXFileReference; lastKnownFileType = folder.assetcatalog; path = "Preview Assets.xcassets"; sourceTree = "<group>"; };
		143F040226EAD38E007F5620 /* Info.plist */ = {isa = PBXFileReference; lastKnownFileType = text.plist.xml; path = Info.plist; sourceTree = "<group>"; };
		14429C942705309E0051B56C /* EmojiArtModel.swift */ = {isa = PBXFileReference; lastKnownFileType = sourcecode.swift; path = EmojiArtModel.swift; sourceTree = "<group>"; };
		14429C98270534F10051B56C /* EmojiArtDocument.swift */ = {isa = PBXFileReference; lastKnownFileType = sourcecode.swift; path = EmojiArtDocument.swift; sourceTree = "<group>"; };
		14429C9A27053AD60051B56C /* EmojiArtModel.Background.swift */ = {isa = PBXFileReference; lastKnownFileType = sourcecode.swift; path = EmojiArtModel.Background.swift; sourceTree = "<group>"; };
		14429C9C27061DC70051B56C /* UtilityExtensions.swift */ = {isa = PBXFileReference; lastKnownFileType = sourcecode.swift; path = UtilityExtensions.swift; sourceTree = "<group>"; };
		14429C9E27061E670051B56C /* EmojiArtDocumentView.swift */ = {isa = PBXFileReference; lastKnownFileType = sourcecode.swift; path = EmojiArtDocumentView.swift; sourceTree = "<group>"; };
		1475EA6227079B41005D4D0F /* UtilityViews.swift */ = {isa = PBXFileReference; lastKnownFileType = sourcecode.swift; path = UtilityViews.swift; sourceTree = "<group>"; };
		14FC853F26FBFE3A00A8D0B7 /* Cardify.swift */ = {isa = PBXFileReference; lastKnownFileType = sourcecode.swift; path = Cardify.swift; sourceTree = "<group>"; };
/* End PBXFileReference section */

/* Begin PBXFrameworksBuildPhase section */
		143F03F326EAD38C007F5620 /* Frameworks */ = {
			isa = PBXFrameworksBuildPhase;
			buildActionMask = 2147483647;
			files = (
			);
			runOnlyForDeploymentPostprocessing = 0;
		};
/* End PBXFrameworksBuildPhase section */

/* Begin PBXGroup section */
		143D5A1E270AA12400DB0EBD /* EmojiArt */ = {
			isa = PBXGroup;
			children = (
				143D5A20270B4A8F00DB0EBD /* PaletteManager.swift */,
				143D5A182709311E00DB0EBD /* PaletteStore.swift */,
				143D5A1A270A7C5000DB0EBD /* PaletteChooser.swift */,
				143D5A1C270AA11500DB0EBD /* PaletteEditor.swift */,
				14429C9E27061E670051B56C /* EmojiArtDocumentView.swift */,
				14429C942705309E0051B56C /* EmojiArtModel.swift */,
				14429C98270534F10051B56C /* EmojiArtDocument.swift */,
				14429C9A27053AD60051B56C /* EmojiArtModel.Background.swift */,
			);
			path = EmojiArt;
			sourceTree = "<group>";
		};
		143D5A1F270AA13800DB0EBD /* MemorizeApp */ = {
			isa = PBXGroup;
			children = (
				143E535826F994A500AFAD33 /* Pie.swift */,
				14FC853F26FBFE3A00A8D0B7 /* Cardify.swift */,
				1429E21526F2A8A00095374B /* MemoryGame.swift */,
				1429E21726F2AC550095374B /* EmojiMemoryGame.swift */,
				143F03FB26EAD38C007F5620 /* EmojiMemoryGameView.swift */,
				143E535626F93DDC00AFAD33 /* AspectVGrid.swift */,
				143F03F926EAD38C007F5620 /* MemorizeApp.swift */,
			);
			path = MemorizeApp;
			sourceTree = "<group>";
		};
		143F03ED26EAD38C007F5620 = {
			isa = PBXGroup;
			children = (
				143F03F826EAD38C007F5620 /* Memorize */,
				143F03F726EAD38C007F5620 /* Products */,
			);
			sourceTree = "<group>";
		};
		143F03F726EAD38C007F5620 /* Products */ = {
			isa = PBXGroup;
			children = (
				143F03F626EAD38C007F5620 /* Memorize.app */,
			);
			name = Products;
			sourceTree = "<group>";
		};
		143F03F826EAD38C007F5620 /* Memorize */ = {
			isa = PBXGroup;
			children = (
				143D5A1F270AA13800DB0EBD /* MemorizeApp */,
				143D5A1E270AA12400DB0EBD /* EmojiArt */,
				143F03FD26EAD38E007F5620 /* Assets.xcassets */,
				143F040226EAD38E007F5620 /* Info.plist */,
				143F03FF26EAD38E007F5620 /* Preview Content */,
				14429C9C27061DC70051B56C /* UtilityExtensions.swift */,
				1475EA6227079B41005D4D0F /* UtilityViews.swift */,
			);
			path = Memorize;
			sourceTree = "<group>";
		};
		143F03FF26EAD38E007F5620 /* Preview Content */ = {
			isa = PBXGroup;
			children = (
				143F040026EAD38E007F5620 /* Preview Assets.xcassets */,
			);
			path = "Preview Content";
			sourceTree = "<group>";
		};
/* End PBXGroup section */

/* Begin PBXNativeTarget section */
		143F03F526EAD38C007F5620 /* Memorize */ = {
			isa = PBXNativeTarget;
			buildConfigurationList = 143F040526EAD38E007F5620 /* Build configuration list for PBXNativeTarget "Memorize" */;
			buildPhases = (
				143F03F226EAD38C007F5620 /* Sources */,
				143F03F326EAD38C007F5620 /* Frameworks */,
				143F03F426EAD38C007F5620 /* Resources */,
			);
			buildRules = (
			);
			dependencies = (
			);
			name = Memorize;
			productName = Memorize;
			productReference = 143F03F626EAD38C007F5620 /* Memorize.app */;
			productType = "com.apple.product-type.application";
		};
/* End PBXNativeTarget section */

/* Begin PBXProject section */
		143F03EE26EAD38C007F5620 /* Project object */ = {
			isa = PBXProject;
			attributes = {
				LastSwiftUpdateCheck = 1250;
				LastUpgradeCheck = 1250;
				TargetAttributes = {
					143F03F526EAD38C007F5620 = {
						CreatedOnToolsVersion = 12.5.1;
						LastSwiftMigration = 1300;
					};
				};
			};
			buildConfigurationList = 143F03F126EAD38C007F5620 /* Build configuration list for PBXProject "Memorize" */;
			compatibilityVersion = "Xcode 9.3";
			developmentRegion = en;
			hasScannedForEncodings = 0;
			knownRegions = (
				en,
				Base,
			);
			mainGroup = 143F03ED26EAD38C007F5620;
			productRefGroup = 143F03F726EAD38C007F5620 /* Products */;
			projectDirPath = "";
			projectRoot = "";
			targets = (
				143F03F526EAD38C007F5620 /* Memorize */,
			);
		};
/* End PBXProject section */

/* Begin PBXResourcesBuildPhase section */
		143F03F426EAD38C007F5620 /* Resources */ = {
			isa = PBXResourcesBuildPhase;
			buildActionMask = 2147483647;
			files = (
				143F040126EAD38E007F5620 /* Preview Assets.xcassets in Resources */,
				143F03FE26EAD38E007F5620 /* Assets.xcassets in Resources */,
			);
			runOnlyForDeploymentPostprocessing = 0;
		};
/* End PBXResourcesBuildPhase section */

/* Begin PBXSourcesBuildPhase section */
		143F03F226EAD38C007F5620 /* Sources */ = {
			isa = PBXSourcesBuildPhase;
			buildActionMask = 2147483647;
			files = (
				143E535926F994A500AFAD33 /* Pie.swift in Sources */,
				14FC854026FBFE3A00A8D0B7 /* Cardify.swift in Sources */,
				14429C9F27061E670051B56C /* EmojiArtDocumentView.swift in Sources */,
				14429C952705309E0051B56C /* EmojiArtModel.swift in Sources */,
				143D5A1D270AA11500DB0EBD /* PaletteEditor.swift in Sources */,
				1475EA6327079B41005D4D0F /* UtilityViews.swift in Sources */,
				1429E21626F2A8A00095374B /* MemoryGame.swift in Sources */,
				143F03FC26EAD38C007F5620 /* EmojiMemoryGameView.swift in Sources */,
				143F03FA26EAD38C007F5620 /* MemorizeApp.swift in Sources */,
				14429C99270534F10051B56C /* EmojiArtDocument.swift in Sources */,
				14429C9D27061DC70051B56C /* UtilityExtensions.swift in Sources */,
				143E535726F93DDC00AFAD33 /* AspectVGrid.swift in Sources */,
				1429E21826F2AC550095374B /* EmojiMemoryGame.swift in Sources */,
				143D5A21270B4A8F00DB0EBD /* PaletteManager.swift in Sources */,
				14429C9B27053AD60051B56C /* EmojiArtModel.Background.swift in Sources */,
				143D5A192709311E00DB0EBD /* PaletteStore.swift in Sources */,
				143D5A1B270A7C5000DB0EBD /* PaletteChooser.swift in Sources */,
			);
			runOnlyForDeploymentPostprocessing = 0;
		};
/* End PBXSourcesBuildPhase section */

/* Begin XCBuildConfiguration section */
		143F040326EAD38E007F5620 /* Debug */ = {
			isa = XCBuildConfiguration;
			buildSettings = {
				ALWAYS_SEARCH_USER_PATHS = NO;
				CLANG_ANALYZER_NONNULL = YES;
				CLANG_ANALYZER_NUMBER_OBJECT_CONVERSION = YES_AGGRESSIVE;
				CLANG_CXX_LANGUAGE_STANDARD = "gnu++14";
				CLANG_CXX_LIBRARY = "libc++";
				CLANG_ENABLE_MODULES = YES;
				CLANG_ENABLE_OBJC_ARC = YES;
				CLANG_ENABLE_OBJC_WEAK = YES;
				CLANG_WARN_BLOCK_CAPTURE_AUTORELEASING = YES;
				CLANG_WARN_BOOL_CONVERSION = YES;
				CLANG_WARN_COMMA = YES;
				CLANG_WARN_CONSTANT_CONVERSION = YES;
				CLANG_WARN_DEPRECATED_OBJC_IMPLEMENTATIONS = YES;
				CLANG_WARN_DIRECT_OBJC_ISA_USAGE = YES_ERROR;
				CLANG_WARN_DOCUMENTATION_COMMENTS = YES;
				CLANG_WARN_EMPTY_BODY = YES;
				CLANG_WARN_ENUM_CONVERSION = YES;
				CLANG_WARN_INFINITE_RECURSION = YES;
				CLANG_WARN_INT_CONVERSION = YES;
				CLANG_WARN_NON_LITERAL_NULL_CONVERSION = YES;
				CLANG_WARN_OBJC_IMPLICIT_RETAIN_SELF = YES;
				CLANG_WARN_OBJC_LITERAL_CONVERSION = YES;
				CLANG_WARN_OBJC_ROOT_CLASS = YES_ERROR;
				CLANG_WARN_QUOTED_INCLUDE_IN_FRAMEWORK_HEADER = YES;
				CLANG_WARN_RANGE_LOOP_ANALYSIS = YES;
				CLANG_WARN_STRICT_PROTOTYPES = YES;
				CLANG_WARN_SUSPICIOUS_MOVE = YES;
				CLANG_WARN_UNGUARDED_AVAILABILITY = YES_AGGRESSIVE;
				CLANG_WARN_UNREACHABLE_CODE = YES;
				CLANG_WARN__DUPLICATE_METHOD_MATCH = YES;
				COPY_PHASE_STRIP = NO;
				DEBUG_INFORMATION_FORMAT = dwarf;
				ENABLE_STRICT_OBJC_MSGSEND = YES;
				ENABLE_TESTABILITY = YES;
				GCC_C_LANGUAGE_STANDARD = gnu11;
				GCC_DYNAMIC_NO_PIC = NO;
				GCC_NO_COMMON_BLOCKS = YES;
				GCC_OPTIMIZATION_LEVEL = 0;
				GCC_PREPROCESSOR_DEFINITIONS = (
					"DEBUG=1",
					"$(inherited)",
				);
				GCC_WARN_64_TO_32_BIT_CONVERSION = YES;
				GCC_WARN_ABOUT_RETURN_TYPE = YES_ERROR;
				GCC_WARN_UNDECLARED_SELECTOR = YES;
				GCC_WARN_UNINITIALIZED_AUTOS = YES_AGGRESSIVE;
				GCC_WARN_UNUSED_FUNCTION = YES;
				GCC_WARN_UNUSED_VARIABLE = YES;
				IPHONEOS_DEPLOYMENT_TARGET = 14.5;
				MTL_ENABLE_DEBUG_INFO = INCLUDE_SOURCE;
				MTL_FAST_MATH = YES;
				ONLY_ACTIVE_ARCH = YES;
				SDKROOT = iphoneos;
				SWIFT_ACTIVE_COMPILATION_CONDITIONS = DEBUG;
				SWIFT_OPTIMIZATION_LEVEL = "-Onone";
			};
			name = Debug;
		};
		143F040426EAD38E007F5620 /* Release */ = {
			isa = XCBuildConfiguration;
			buildSettings = {
				ALWAYS_SEARCH_USER_PATHS = NO;
				CLANG_ANALYZER_NONNULL = YES;
				CLANG_ANALYZER_NUMBER_OBJECT_CONVERSION = YES_AGGRESSIVE;
				CLANG_CXX_LANGUAGE_STANDARD = "gnu++14";
				CLANG_CXX_LIBRARY = "libc++";
				CLANG_ENABLE_MODULES = YES;
				CLANG_ENABLE_OBJC_ARC = YES;
				CLANG_ENABLE_OBJC_WEAK = YES;
				CLANG_WARN_BLOCK_CAPTURE_AUTORELEASING = YES;
				CLANG_WARN_BOOL_CONVERSION = YES;
				CLANG_WARN_COMMA = YES;
				CLANG_WARN_CONSTANT_CONVERSION = YES;
				CLANG_WARN_DEPRECATED_OBJC_IMPLEMENTATIONS = YES;
				CLANG_WARN_DIRECT_OBJC_ISA_USAGE = YES_ERROR;
				CLANG_WARN_DOCUMENTATION_COMMENTS = YES;
				CLANG_WARN_EMPTY_BODY = YES;
				CLANG_WARN_ENUM_CONVERSION = YES;
				CLANG_WARN_INFINITE_RECURSION = YES;
				CLANG_WARN_INT_CONVERSION = YES;
				CLANG_WARN_NON_LITERAL_NULL_CONVERSION = YES;
				CLANG_WARN_OBJC_IMPLICIT_RETAIN_SELF = YES;
				CLANG_WARN_OBJC_LITERAL_CONVERSION = YES;
				CLANG_WARN_OBJC_ROOT_CLASS = YES_ERROR;
				CLANG_WARN_QUOTED_INCLUDE_IN_FRAMEWORK_HEADER = YES;
				CLANG_WARN_RANGE_LOOP_ANALYSIS = YES;
				CLANG_WARN_STRICT_PROTOTYPES = YES;
				CLANG_WARN_SUSPICIOUS_MOVE = YES;
				CLANG_WARN_UNGUARDED_AVAILABILITY = YES_AGGRESSIVE;
				CLANG_WARN_UNREACHABLE_CODE = YES;
				CLANG_WARN__DUPLICATE_METHOD_MATCH = YES;
				COPY_PHASE_STRIP = NO;
				DEBUG_INFORMATION_FORMAT = "dwarf-with-dsym";
				ENABLE_NS_ASSERTIONS = NO;
				ENABLE_STRICT_OBJC_MSGSEND = YES;
				GCC_C_LANGUAGE_STANDARD = gnu11;
				GCC_NO_COMMON_BLOCKS = YES;
				GCC_WARN_64_TO_32_BIT_CONVERSION = YES;
				GCC_WARN_ABOUT_RETURN_TYPE = YES_ERROR;
				GCC_WARN_UNDECLARED_SELECTOR = YES;
				GCC_WARN_UNINITIALIZED_AUTOS = YES_AGGRESSIVE;
				GCC_WARN_UNUSED_FUNCTION = YES;
				GCC_WARN_UNUSED_VARIABLE = YES;
				IPHONEOS_DEPLOYMENT_TARGET = 14.5;
				MTL_ENABLE_DEBUG_INFO = NO;
				MTL_FAST_MATH = YES;
				SDKROOT = iphoneos;
				SWIFT_COMPILATION_MODE = wholemodule;
				SWIFT_OPTIMIZATION_LEVEL = "-O";
				VALIDATE_PRODUCT = YES;
			};
			name = Release;
		};
		143F040626EAD38E007F5620 /* Debug */ = {
			isa = XCBuildConfiguration;
			buildSettings = {
				ASSETCATALOG_COMPILER_APPICON_NAME = AppIcon;
				ASSETCATALOG_COMPILER_GLOBAL_ACCENT_COLOR_NAME = AccentColor;
				CLANG_ENABLE_MODULES = YES;
				CODE_SIGN_IDENTITY = "Apple Development";
				CODE_SIGN_STYLE = Automatic;
				DEVELOPMENT_ASSET_PATHS = "\"Memorize/Preview Content\"";
				DEVELOPMENT_TEAM = KDULM2WB9Q;
				ENABLE_PREVIEWS = YES;
				INFOPLIST_FILE = Memorize/Info.plist;
				IPHONEOS_DEPLOYMENT_TARGET = 14.0;
				LD_RUNPATH_SEARCH_PATHS = (
					"$(inherited)",
					"@executable_path/Frameworks",
				);
				PRODUCT_BUNDLE_IDENTIFIER = fun.axag.Memorize;
				PRODUCT_NAME = "$(TARGET_NAME)";
				PROVISIONING_PROFILE_SPECIFIER = "";
				SWIFT_OPTIMIZATION_LEVEL = "-Onone";
				SWIFT_VERSION = 5.0;
				TARGETED_DEVICE_FAMILY = "1,2";
			};
			name = Debug;
		};
		143F040726EAD38E007F5620 /* Release */ = {
			isa = XCBuildConfiguration;
			buildSettings = {
				ASSETCATALOG_COMPILER_APPICON_NAME = AppIcon;
				ASSETCATALOG_COMPILER_GLOBAL_ACCENT_COLOR_NAME = AccentColor;
				CLANG_ENABLE_MODULES = YES;
				CODE_SIGN_IDENTITY = "Apple Development";
				CODE_SIGN_STYLE = Automatic;
				DEVELOPMENT_ASSET_PATHS = "\"Memorize/Preview Content\"";
				DEVELOPMENT_TEAM = KDULM2WB9Q;
				ENABLE_PREVIEWS = YES;
				INFOPLIST_FILE = Memorize/Info.plist;
				IPHONEOS_DEPLOYMENT_TARGET = 14.0;
				LD_RUNPATH_SEARCH_PATHS = (
					"$(inherited)",
					"@executable_path/Frameworks",
				);
				PRODUCT_BUNDLE_IDENTIFIER = fun.axag.Memorize;
				PRODUCT_NAME = "$(TARGET_NAME)";
				PROVISIONING_PROFILE_SPECIFIER = "";
				SWIFT_VERSION = 5.0;
				TARGETED_DEVICE_FAMILY = "1,2";
			};
			name = Release;
		};
/* End XCBuildConfiguration section */

/* Begin XCConfigurationList section */
		143F03F126EAD38C007F5620 /* Build configuration list for PBXProject "Memorize" */ = {
			isa = XCConfigurationList;
			buildConfigurations = (
				143F040326EAD38E007F5620 /* Debug */,
				143F040426EAD38E007F5620 /* Release */,
			);
			defaultConfigurationIsVisible = 0;
			defaultConfigurationName = Release;
		};
		143F040526EAD38E007F5620 /* Build configuration list for PBXNativeTarget "Memorize" */ = {
			isa = XCConfigurationList;
			buildConfigurations = (
				143F040626EAD38E007F5620 /* Debug */,
				143F040726EAD38E007F5620 /* Release */,
			);
			defaultConfigurationIsVisible = 0;
			defaultConfigurationName = Release;
		};
/* End XCConfigurationList section */
	};
	rootObject = 143F03EE26EAD38C007F5620 /* Project object */;
}
